<?xml version="1.0" encoding="utf-8"?>
<Project ToolsVersion="4.0" xmlns="http://schemas.microsoft.com/developer/msbuild/2003">
  <ItemGroup>
    <ClCompile Include="..\openvslam\example\run_image_localization.cc" />
    <ClCompile Include="..\openvslam\example\util\image_util.cc">
      <Filter>util</Filter>
    </ClCompile>
  </ItemGroup>
  <ItemGroup>
    <Filter Include="util">
      <UniqueIdentifier>{a5c52617-e16e-4200-9b4e-5e6b8f187db6}</UniqueIdentifier>
    </Filter>
  </ItemGroup>
  <ItemGroup>
    <ClInclude Include="..\openvslam\example\util\image_util.h">
      <Filter>util</Filter>
    </ClInclude>
  </ItemGroup>
</Project>